
Microsoft Visual Studio Solution File, Format Version 12.00
# Visual Studio Version 16
VisualStudioVersion = 16.0.30413.136
MinimumVisualStudioVersion = 10.0.40219.1
Project("{8BC9CEB8-8B4A-11D0-8D11-00A0C91BC942}") = "Pr7_Ex1_2_3", "Pr7_Ex1_2_3.vcxproj", "{56638132-D2DB-469F-9168-EF52B32A24D8}"
EndProject
Global
	GlobalSection(SolutionConfigurationPlatforms) = preSolution
		Debug|x64 = Debug|x64
		Debug|x86 = Debug|x86
		Release|x64 = Release|x64
		Release|x86 = Release|x86
	EndGlobalSection
	GlobalSection(ProjectConfigurationPlatforms) = postSolution
		{56638132-D2DB-469F-9168-EF52B32A24D8}.Debug|x64.ActiveCfg = Debug|x64
		{56638132-D2DB-469F-9168-EF52B32A24D8}.Debug|x64.Build.0 = Debug|x64
		{56638132-D2DB-469F-9168-EF52B32A24D8}.Debug|x86.ActiveCfg = Debug|Win32
		{56638132-D2DB-469F-9168-EF52B32A24D8}.Debug|x86.Build.0 = Debug|Win32
		{56638132-D2DB-469F-9168-EF52B32A24D8}.Release|x64.ActiveCfg = Release|x64
		{56638132-D2DB-469F-9168-EF52B32A24D8}.Release|x64.Build.0 = Release|x64
		{56638132-D2DB-469F-9168-EF52B32A24D8}.Release|x86.ActiveCfg = Release|Win32
		{56638132-D2DB-469F-9168-EF52B32A24D8}.Release|x86.Build.0 = Release|Win32
	EndGlobalSection
	GlobalSection(SolutionProperties) = preSolution
		HideSolutionNode = FALSE
	EndGlobalSection
	GlobalSection(ExtensibilityGlobals) = postSolution
		SolutionGuid = {43958AE6-B63E-45A7-A207-949DA2D3FD28}
	EndGlobalSection
EndGlobal
